
Microsoft Visual Studio Solution File, Format Version 12.00
# Visual Studio Version 17
VisualStudioVersion = 17.0.31903.59
MinimumVisualStudioVersion = 10.0.40219.1
Project("{2150E333-8FDC-42A3-9474-1A3956D46DE8}") = "src", "src", "{00F68AA3-381E-4E3B-99AD-F4570D96866B}"
EndProject
Project("{9A19103F-16F7-4668-BE54-9A1E7A4F7556}") = "PoliceCaseManagement.Core", "src\PoliceCaseManagement.Core\PoliceCaseManagement.Core.csproj", "{5B29CAB6-6292-4A2F-88C8-C42E29CD8258}"
EndProject
Project("{9A19103F-16F7-4668-BE54-9A1E7A4F7556}") = "PoliceCaseManagement.Infrastructure", "src\PoliceCaseManagement.Infrastructure\PoliceCaseManagement.Infrastructure.csproj", "{52003A87-D35E-4DB7-A4B2-6AE1E69DD9A4}"
EndProject
Project("{9A19103F-16F7-4668-BE54-9A1E7A4F7556}") = "PoliceCaseManagement.Application", "src\PoliceCaseManagement.Application\PoliceCaseManagement.Application.csproj", "{5B8A14E7-AFB5-4173-A11F-171E526E4D44}"
EndProject
Project("{9A19103F-16F7-4668-BE54-9A1E7A4F7556}") = "PoliceCaseManagement.Shared", "src\PoliceCaseManagement.Shared\PoliceCaseManagement.Shared.csproj", "{4A733722-050B-4E15-87CF-5FCD57F888F8}"
EndProject
Project("{9A19103F-16F7-4668-BE54-9A1E7A4F7556}") = "PoliceCaseManagement.Web", "src\PoliceCaseManagement.Web\PoliceCaseManagement.Web.csproj", "{4B6A1C85-DAF2-4697-BF21-05E57A145BC6}"
EndProject
Project("{9A19103F-16F7-4668-BE54-9A1E7A4F7556}") = "PoliceCaseManagement.Api", "src\PoliceCaseManagement.Api\PoliceCaseManagement.Api.csproj", "{B53177F8-86DB-4D94-AD35-C857D424E2A6}"
EndProject
Project("{9A19103F-16F7-4668-BE54-9A1E7A4F7556}") = "Identity.Api", "src\Identity.API\Identity.Api.csproj", "{A6B33B05-A4FC-45CD-8716-664C8970F343}"
EndProject
Project("{9A19103F-16F7-4668-BE54-9A1E7A4F7556}") = "Identity.Infrastructure", "src\Identity.Infrastructure\Identity.Infrastructure.csproj", "{66DD5112-4A19-4872-B2E5-46E47F6C33E7}"
EndProject
Project("{9A19103F-16F7-4668-BE54-9A1E7A4F7556}") = "Identity.Web", "src\Identity.Web\Identity.Web.csproj", "{6DF67079-A894-405F-BD5D-E4C648DEDB12}"
EndProject
Global
	GlobalSection(SolutionConfigurationPlatforms) = preSolution
		Debug|Any CPU = Debug|Any CPU
		Release|Any CPU = Release|Any CPU
	EndGlobalSection
	GlobalSection(ProjectConfigurationPlatforms) = postSolution
		{5B29CAB6-6292-4A2F-88C8-C42E29CD8258}.Debug|Any CPU.ActiveCfg = Debug|Any CPU
		{5B29CAB6-6292-4A2F-88C8-C42E29CD8258}.Debug|Any CPU.Build.0 = Debug|Any CPU
		{5B29CAB6-6292-4A2F-88C8-C42E29CD8258}.Release|Any CPU.ActiveCfg = Release|Any CPU
		{5B29CAB6-6292-4A2F-88C8-C42E29CD8258}.Release|Any CPU.Build.0 = Release|Any CPU
		{52003A87-D35E-4DB7-A4B2-6AE1E69DD9A4}.Debug|Any CPU.ActiveCfg = Debug|Any CPU
		{52003A87-D35E-4DB7-A4B2-6AE1E69DD9A4}.Debug|Any CPU.Build.0 = Debug|Any CPU
		{52003A87-D35E-4DB7-A4B2-6AE1E69DD9A4}.Release|Any CPU.ActiveCfg = Release|Any CPU
		{52003A87-D35E-4DB7-A4B2-6AE1E69DD9A4}.Release|Any CPU.Build.0 = Release|Any CPU
		{5B8A14E7-AFB5-4173-A11F-171E526E4D44}.Debug|Any CPU.ActiveCfg = Debug|Any CPU
		{5B8A14E7-AFB5-4173-A11F-171E526E4D44}.Debug|Any CPU.Build.0 = Debug|Any CPU
		{5B8A14E7-AFB5-4173-A11F-171E526E4D44}.Release|Any CPU.ActiveCfg = Release|Any CPU
		{5B8A14E7-AFB5-4173-A11F-171E526E4D44}.Release|Any CPU.Build.0 = Release|Any CPU
		{4A733722-050B-4E15-87CF-5FCD57F888F8}.Debug|Any CPU.ActiveCfg = Debug|Any CPU
		{4A733722-050B-4E15-87CF-5FCD57F888F8}.Debug|Any CPU.Build.0 = Debug|Any CPU
		{4A733722-050B-4E15-87CF-5FCD57F888F8}.Release|Any CPU.ActiveCfg = Release|Any CPU
		{4A733722-050B-4E15-87CF-5FCD57F888F8}.Release|Any CPU.Build.0 = Release|Any CPU
		{4B6A1C85-DAF2-4697-BF21-05E57A145BC6}.Debug|Any CPU.ActiveCfg = Debug|Any CPU
		{4B6A1C85-DAF2-4697-BF21-05E57A145BC6}.Debug|Any CPU.Build.0 = Debug|Any CPU
		{4B6A1C85-DAF2-4697-BF21-05E57A145BC6}.Release|Any CPU.ActiveCfg = Release|Any CPU
		{4B6A1C85-DAF2-4697-BF21-05E57A145BC6}.Release|Any CPU.Build.0 = Release|Any CPU
		{B53177F8-86DB-4D94-AD35-C857D424E2A6}.Debug|Any CPU.ActiveCfg = Debug|Any CPU
		{B53177F8-86DB-4D94-AD35-C857D424E2A6}.Debug|Any CPU.Build.0 = Debug|Any CPU
		{B53177F8-86DB-4D94-AD35-C857D424E2A6}.Release|Any CPU.ActiveCfg = Release|Any CPU
		{B53177F8-86DB-4D94-AD35-C857D424E2A6}.Release|Any CPU.Build.0 = Release|Any CPU
		{A6B33B05-A4FC-45CD-8716-664C8970F343}.Debug|Any CPU.ActiveCfg = Debug|Any CPU
		{A6B33B05-A4FC-45CD-8716-664C8970F343}.Debug|Any CPU.Build.0 = Debug|Any CPU
		{A6B33B05-A4FC-45CD-8716-664C8970F343}.Release|Any CPU.ActiveCfg = Release|Any CPU
		{A6B33B05-A4FC-45CD-8716-664C8970F343}.Release|Any CPU.Build.0 = Release|Any CPU
		{66DD5112-4A19-4872-B2E5-46E47F6C33E7}.Debug|Any CPU.ActiveCfg = Debug|Any CPU
		{66DD5112-4A19-4872-B2E5-46E47F6C33E7}.Debug|Any CPU.Build.0 = Debug|Any CPU
		{66DD5112-4A19-4872-B2E5-46E47F6C33E7}.Release|Any CPU.ActiveCfg = Release|Any CPU
		{66DD5112-4A19-4872-B2E5-46E47F6C33E7}.Release|Any CPU.Build.0 = Release|Any CPU
		{6DF67079-A894-405F-BD5D-E4C648DEDB12}.Debug|Any CPU.ActiveCfg = Debug|Any CPU
		{6DF67079-A894-405F-BD5D-E4C648DEDB12}.Debug|Any CPU.Build.0 = Debug|Any CPU
		{6DF67079-A894-405F-BD5D-E4C648DEDB12}.Release|Any CPU.ActiveCfg = Release|Any CPU
		{6DF67079-A894-405F-BD5D-E4C648DEDB12}.Release|Any CPU.Build.0 = Release|Any CPU
	EndGlobalSection
	GlobalSection(SolutionProperties) = preSolution
		HideSolutionNode = FALSE
	EndGlobalSection
	GlobalSection(NestedProjects) = preSolution
		{5B29CAB6-6292-4A2F-88C8-C42E29CD8258} = {00F68AA3-381E-4E3B-99AD-F4570D96866B}
		{52003A87-D35E-4DB7-A4B2-6AE1E69DD9A4} = {00F68AA3-381E-4E3B-99AD-F4570D96866B}
		{5B8A14E7-AFB5-4173-A11F-171E526E4D44} = {00F68AA3-381E-4E3B-99AD-F4570D96866B}
		{4A733722-050B-4E15-87CF-5FCD57F888F8} = {00F68AA3-381E-4E3B-99AD-F4570D96866B}
		{4B6A1C85-DAF2-4697-BF21-05E57A145BC6} = {00F68AA3-381E-4E3B-99AD-F4570D96866B}
		{B53177F8-86DB-4D94-AD35-C857D424E2A6} = {00F68AA3-381E-4E3B-99AD-F4570D96866B}
		{A6B33B05-A4FC-45CD-8716-664C8970F343} = {00F68AA3-381E-4E3B-99AD-F4570D96866B}
		{66DD5112-4A19-4872-B2E5-46E47F6C33E7} = {00F68AA3-381E-4E3B-99AD-F4570D96866B}
		{6DF67079-A894-405F-BD5D-E4C648DEDB12} = {00F68AA3-381E-4E3B-99AD-F4570D96866B}
	EndGlobalSection
	GlobalSection(ExtensibilityGlobals) = postSolution
		SolutionGuid = {B8BFBC47-7122-46A3-84DB-8CF8EE996385}
	EndGlobalSection
EndGlobal
