
Microsoft Visual Studio Solution File, Format Version 12.00
# Visual Studio Version 17
VisualStudioVersion = 17.0.31903.59
MinimumVisualStudioVersion = 10.0.40219.1
Project("{2150E333-8FDC-42A3-9474-1A3956D46DE8}") = "src", "src", "{00F68AA3-381E-4E3B-99AD-F4570D96866B}"
EndProject
Project("{2150E333-8FDC-42A3-9474-1A3956D46DE8}") = "libs", "libs", "{A95667ED-3B5E-4DF0-98CD-AA37B7BD4A59}"
EndProject
Project("{FAE04EC0-301F-11D3-BF4B-00C04F79EFBC}") = "CodeRule", "libs\CodeRule\CodeRule.csproj", "{D483F037-8861-4F51-8FC7-DCA597807BDB}"
EndProject
Project("{2150E333-8FDC-42A3-9474-1A3956D46DE8}") = "tests", "tests", "{17B9A340-66A6-4AF6-BE06-DD67CADF7AC8}"
EndProject
Project("{FAE04EC0-301F-11D3-BF4B-00C04F79EFBC}") = "CodeRule.Tests", "tests\CodeRule.Tests\CodeRule.Tests.csproj", "{BD46BE5D-C162-4C14-9205-304366780C03}"
EndProject
Project("{FAE04EC0-301F-11D3-BF4B-00C04F79EFBC}") = "Mapper.Core", "libs\Mapper.Core\Mapper.Core.csproj", "{AFE2644D-274E-4654-B897-F33B1B06E40F}"
EndProject
Project("{FAE04EC0-301F-11D3-BF4B-00C04F79EFBC}") = "Identity.Core.Tests", "tests\Identity.Core.Tests\Identity.Core.Tests.csproj", "{4A6220F6-54D1-482B-9773-8FB44B6E0EDA}"
EndProject
Project("{FAE04EC0-301F-11D3-BF4B-00C04F79EFBC}") = "Identity.Infrastructure.Tests", "tests\Identity.Infrastructure.Tests\Identity.Infrastructure.Tests.csproj", "{0AE7763C-7AFF-4C14-BE23-4C751114AA6D}"
EndProject
Project("{2150E333-8FDC-42A3-9474-1A3956D46DE8}") = "identity", "identity", "{0BFDE38E-F7BF-434B-8E85-E17FFD526D23}"
EndProject
Project("{FAE04EC0-301F-11D3-BF4B-00C04F79EFBC}") = "Identity.Core", "src\identity\Identity.Core\Identity.Core.csproj", "{FC4CD09F-CDD0-4E6E-AE0F-DBB07CFC3F31}"
EndProject
Project("{FAE04EC0-301F-11D3-BF4B-00C04F79EFBC}") = "Identity.Infrastructure", "src\identity\Identity.Infrastructure\Identity.Infrastructure.csproj", "{75448657-3849-4DEA-9935-4F9726E93AEA}"
EndProject
Project("{FAE04EC0-301F-11D3-BF4B-00C04F79EFBC}") = "Identity.API", "src\identity\Identity.API\Identity.API.csproj", "{B1693A38-E966-4A36-9402-8C927CF1B537}"
EndProject
Project("{2150E333-8FDC-42A3-9474-1A3956D46DE8}") = "infra", "infra", "{17FD7912-B3B9-46A6-AE6C-86E17D941E9C}"
EndProject
Project("{FAE04EC0-301F-11D3-BF4B-00C04F79EFBC}") = "Email.Service", "src\infra\Email.Service\Email.Service.csproj", "{4C60F3ED-5D5D-4FDB-B27A-7C64ECF834AC}"
EndProject
Project("{FAE04EC0-301F-11D3-BF4B-00C04F79EFBC}") = "SMS.Service", "src\infra\SMS.Service\SMS.Service.csproj", "{DE1A3B79-2D4D-4075-9683-8968A4D188D7}"
EndProject
Project("{2150E333-8FDC-42A3-9474-1A3956D46DE8}") = "shared", "shared", "{7BA1F4EC-DC87-4E3F-B21D-5F7108292FAF}"
EndProject
Project("{FAE04EC0-301F-11D3-BF4B-00C04F79EFBC}") = "Logging.Core", "src\shared\Logging.Core\Logging.Core.csproj", "{EE49368D-7346-4462-B342-4BF752A61236}"
EndProject
Project("{FAE04EC0-301F-11D3-BF4B-00C04F79EFBC}") = "Identity.Application", "src\identity\Identity.Application\Identity.Application.csproj", "{FC169583-F7E0-488D-B6D9-2FC483F7629A}"
EndProject
Project("{FAE04EC0-301F-11D3-BF4B-00C04F79EFBC}") = "Authorization", "src\shared\Authorization\Authorization.csproj", "{3DEB73D5-4D80-6B0D-E311-5F526831C542}"
EndProject
Global
	GlobalSection(SolutionConfigurationPlatforms) = preSolution
		Debug|Any CPU = Debug|Any CPU
		Release|Any CPU = Release|Any CPU
	EndGlobalSection
	GlobalSection(ProjectConfigurationPlatforms) = postSolution
		{D483F037-8861-4F51-8FC7-DCA597807BDB}.Debug|Any CPU.ActiveCfg = Debug|Any CPU
		{D483F037-8861-4F51-8FC7-DCA597807BDB}.Debug|Any CPU.Build.0 = Debug|Any CPU
		{D483F037-8861-4F51-8FC7-DCA597807BDB}.Release|Any CPU.ActiveCfg = Release|Any CPU
		{D483F037-8861-4F51-8FC7-DCA597807BDB}.Release|Any CPU.Build.0 = Release|Any CPU
		{BD46BE5D-C162-4C14-9205-304366780C03}.Debug|Any CPU.ActiveCfg = Debug|Any CPU
		{BD46BE5D-C162-4C14-9205-304366780C03}.Debug|Any CPU.Build.0 = Debug|Any CPU
		{BD46BE5D-C162-4C14-9205-304366780C03}.Release|Any CPU.ActiveCfg = Release|Any CPU
		{BD46BE5D-C162-4C14-9205-304366780C03}.Release|Any CPU.Build.0 = Release|Any CPU
		{AFE2644D-274E-4654-B897-F33B1B06E40F}.Debug|Any CPU.ActiveCfg = Debug|Any CPU
		{AFE2644D-274E-4654-B897-F33B1B06E40F}.Debug|Any CPU.Build.0 = Debug|Any CPU
		{AFE2644D-274E-4654-B897-F33B1B06E40F}.Release|Any CPU.ActiveCfg = Release|Any CPU
		{AFE2644D-274E-4654-B897-F33B1B06E40F}.Release|Any CPU.Build.0 = Release|Any CPU
		{4A6220F6-54D1-482B-9773-8FB44B6E0EDA}.Debug|Any CPU.ActiveCfg = Debug|Any CPU
		{4A6220F6-54D1-482B-9773-8FB44B6E0EDA}.Debug|Any CPU.Build.0 = Debug|Any CPU
		{4A6220F6-54D1-482B-9773-8FB44B6E0EDA}.Release|Any CPU.ActiveCfg = Release|Any CPU
		{4A6220F6-54D1-482B-9773-8FB44B6E0EDA}.Release|Any CPU.Build.0 = Release|Any CPU
		{0AE7763C-7AFF-4C14-BE23-4C751114AA6D}.Debug|Any CPU.ActiveCfg = Debug|Any CPU
		{0AE7763C-7AFF-4C14-BE23-4C751114AA6D}.Debug|Any CPU.Build.0 = Debug|Any CPU
		{0AE7763C-7AFF-4C14-BE23-4C751114AA6D}.Release|Any CPU.ActiveCfg = Release|Any CPU
		{0AE7763C-7AFF-4C14-BE23-4C751114AA6D}.Release|Any CPU.Build.0 = Release|Any CPU
		{FC4CD09F-CDD0-4E6E-AE0F-DBB07CFC3F31}.Debug|Any CPU.ActiveCfg = Debug|Any CPU
		{FC4CD09F-CDD0-4E6E-AE0F-DBB07CFC3F31}.Debug|Any CPU.Build.0 = Debug|Any CPU
		{FC4CD09F-CDD0-4E6E-AE0F-DBB07CFC3F31}.Release|Any CPU.ActiveCfg = Release|Any CPU
		{FC4CD09F-CDD0-4E6E-AE0F-DBB07CFC3F31}.Release|Any CPU.Build.0 = Release|Any CPU
		{75448657-3849-4DEA-9935-4F9726E93AEA}.Debug|Any CPU.ActiveCfg = Debug|Any CPU
		{75448657-3849-4DEA-9935-4F9726E93AEA}.Debug|Any CPU.Build.0 = Debug|Any CPU
		{75448657-3849-4DEA-9935-4F9726E93AEA}.Release|Any CPU.ActiveCfg = Release|Any CPU
		{75448657-3849-4DEA-9935-4F9726E93AEA}.Release|Any CPU.Build.0 = Release|Any CPU
		{B1693A38-E966-4A36-9402-8C927CF1B537}.Debug|Any CPU.ActiveCfg = Debug|Any CPU
		{B1693A38-E966-4A36-9402-8C927CF1B537}.Debug|Any CPU.Build.0 = Debug|Any CPU
		{B1693A38-E966-4A36-9402-8C927CF1B537}.Release|Any CPU.ActiveCfg = Release|Any CPU
		{B1693A38-E966-4A36-9402-8C927CF1B537}.Release|Any CPU.Build.0 = Release|Any CPU
		{4C60F3ED-5D5D-4FDB-B27A-7C64ECF834AC}.Debug|Any CPU.ActiveCfg = Debug|Any CPU
		{4C60F3ED-5D5D-4FDB-B27A-7C64ECF834AC}.Debug|Any CPU.Build.0 = Debug|Any CPU
		{4C60F3ED-5D5D-4FDB-B27A-7C64ECF834AC}.Release|Any CPU.ActiveCfg = Release|Any CPU
		{4C60F3ED-5D5D-4FDB-B27A-7C64ECF834AC}.Release|Any CPU.Build.0 = Release|Any CPU
		{DE1A3B79-2D4D-4075-9683-8968A4D188D7}.Debug|Any CPU.ActiveCfg = Debug|Any CPU
		{DE1A3B79-2D4D-4075-9683-8968A4D188D7}.Debug|Any CPU.Build.0 = Debug|Any CPU
		{DE1A3B79-2D4D-4075-9683-8968A4D188D7}.Release|Any CPU.ActiveCfg = Release|Any CPU
		{DE1A3B79-2D4D-4075-9683-8968A4D188D7}.Release|Any CPU.Build.0 = Release|Any CPU
		{EE49368D-7346-4462-B342-4BF752A61236}.Debug|Any CPU.ActiveCfg = Debug|Any CPU
		{EE49368D-7346-4462-B342-4BF752A61236}.Debug|Any CPU.Build.0 = Debug|Any CPU
		{EE49368D-7346-4462-B342-4BF752A61236}.Release|Any CPU.ActiveCfg = Release|Any CPU
		{EE49368D-7346-4462-B342-4BF752A61236}.Release|Any CPU.Build.0 = Release|Any CPU
		{FC169583-F7E0-488D-B6D9-2FC483F7629A}.Debug|Any CPU.ActiveCfg = Debug|Any CPU
		{FC169583-F7E0-488D-B6D9-2FC483F7629A}.Debug|Any CPU.Build.0 = Debug|Any CPU
		{FC169583-F7E0-488D-B6D9-2FC483F7629A}.Release|Any CPU.ActiveCfg = Release|Any CPU
		{FC169583-F7E0-488D-B6D9-2FC483F7629A}.Release|Any CPU.Build.0 = Release|Any CPU
		{3DEB73D5-4D80-6B0D-E311-5F526831C542}.Debug|Any CPU.ActiveCfg = Debug|Any CPU
		{3DEB73D5-4D80-6B0D-E311-5F526831C542}.Debug|Any CPU.Build.0 = Debug|Any CPU
		{3DEB73D5-4D80-6B0D-E311-5F526831C542}.Release|Any CPU.ActiveCfg = Release|Any CPU
		{3DEB73D5-4D80-6B0D-E311-5F526831C542}.Release|Any CPU.Build.0 = Release|Any CPU
	EndGlobalSection
	GlobalSection(SolutionProperties) = preSolution
		HideSolutionNode = FALSE
	EndGlobalSection
	GlobalSection(NestedProjects) = preSolution
		{D483F037-8861-4F51-8FC7-DCA597807BDB} = {A95667ED-3B5E-4DF0-98CD-AA37B7BD4A59}
		{BD46BE5D-C162-4C14-9205-304366780C03} = {17B9A340-66A6-4AF6-BE06-DD67CADF7AC8}
		{AFE2644D-274E-4654-B897-F33B1B06E40F} = {A95667ED-3B5E-4DF0-98CD-AA37B7BD4A59}
		{4A6220F6-54D1-482B-9773-8FB44B6E0EDA} = {17B9A340-66A6-4AF6-BE06-DD67CADF7AC8}
		{0AE7763C-7AFF-4C14-BE23-4C751114AA6D} = {17B9A340-66A6-4AF6-BE06-DD67CADF7AC8}
		{0BFDE38E-F7BF-434B-8E85-E17FFD526D23} = {00F68AA3-381E-4E3B-99AD-F4570D96866B}
		{FC4CD09F-CDD0-4E6E-AE0F-DBB07CFC3F31} = {0BFDE38E-F7BF-434B-8E85-E17FFD526D23}
		{75448657-3849-4DEA-9935-4F9726E93AEA} = {0BFDE38E-F7BF-434B-8E85-E17FFD526D23}
		{B1693A38-E966-4A36-9402-8C927CF1B537} = {0BFDE38E-F7BF-434B-8E85-E17FFD526D23}
		{17FD7912-B3B9-46A6-AE6C-86E17D941E9C} = {00F68AA3-381E-4E3B-99AD-F4570D96866B}
		{4C60F3ED-5D5D-4FDB-B27A-7C64ECF834AC} = {17FD7912-B3B9-46A6-AE6C-86E17D941E9C}
		{DE1A3B79-2D4D-4075-9683-8968A4D188D7} = {17FD7912-B3B9-46A6-AE6C-86E17D941E9C}
		{7BA1F4EC-DC87-4E3F-B21D-5F7108292FAF} = {00F68AA3-381E-4E3B-99AD-F4570D96866B}
		{EE49368D-7346-4462-B342-4BF752A61236} = {7BA1F4EC-DC87-4E3F-B21D-5F7108292FAF}
		{FC169583-F7E0-488D-B6D9-2FC483F7629A} = {0BFDE38E-F7BF-434B-8E85-E17FFD526D23}
		{3DEB73D5-4D80-6B0D-E311-5F526831C542} = {7BA1F4EC-DC87-4E3F-B21D-5F7108292FAF}
	EndGlobalSection
	GlobalSection(ExtensibilityGlobals) = postSolution
		SolutionGuid = {B8BFBC47-7122-46A3-84DB-8CF8EE996385}
	EndGlobalSection
EndGlobal
