
Microsoft Visual Studio Solution File, Format Version 12.00
# Visual Studio Version 17
VisualStudioVersion = 17.0.31903.59
MinimumVisualStudioVersion = 10.0.40219.1
Project("{2150E333-8FDC-42A3-9474-1A3956D46DE8}") = "src", "src", "{00F68AA3-381E-4E3B-99AD-F4570D96866B}"
EndProject
Project("{FAE04EC0-301F-11D3-BF4B-00C04F79EFBC}") = "Email.Service", "src\Email.Service\Email.Service.csproj", "{39AA5175-3DEB-4D27-9C5A-4FB44BCCDDD9}"
EndProject
Project("{FAE04EC0-301F-11D3-BF4B-00C04F79EFBC}") = "Shared", "src\Shared\Shared.csproj", "{D9080ECD-93A5-442A-9A96-830A4DBB7534}"
EndProject
Project("{FAE04EC0-301F-11D3-BF4B-00C04F79EFBC}") = "SMS.Service", "src\SMS.Service\SMS.Service.csproj", "{8B8EDEB3-D015-4F3C-85BB-DA596EEA0483}"
EndProject
Project("{FAE04EC0-301F-11D3-BF4B-00C04F79EFBC}") = "Reporting.API", "src\Reporting.API\Reporting.API.csproj", "{0888280F-4899-4DF8-B132-F558C22D3F50}"
EndProject
Project("{FAE04EC0-301F-11D3-BF4B-00C04F79EFBC}") = "Challenge.Core", "src\Challenge.Core\Challenge.Core.csproj", "{5EF5EC60-1EB1-45AA-BC76-4D607C75D987}"
EndProject
Project("{FAE04EC0-301F-11D3-BF4B-00C04F79EFBC}") = "Reporting.Core", "src\Reporting.Core\Reporting.Core.csproj", "{F695B39F-BB33-40A1-8F39-9FD8D540CA31}"
EndProject
Project("{FAE04EC0-301F-11D3-BF4B-00C04F79EFBC}") = "Reporting.Infrastructure", "src\Reporting.Infrastructure\Reporting.Infrastructure.csproj", "{B3E04ED7-45C8-43D6-BE22-3CC80D1D9F58}"
EndProject
Project("{FAE04EC0-301F-11D3-BF4B-00C04F79EFBC}") = "Authorization.Core", "src\Authorization.Core\Authorization.Core.csproj", "{560C71F8-56A0-4E15-A132-747977AA3543}"
EndProject
Project("{FAE04EC0-301F-11D3-BF4B-00C04F79EFBC}") = "Logging.Core", "src\Logging.Core\Logging.Core.csproj", "{442A72B3-E2C1-4C28-8DF1-5AE8CF1333F9}"
EndProject
Project("{2150E333-8FDC-42A3-9474-1A3956D46DE8}") = "libs", "libs", "{A95667ED-3B5E-4DF0-98CD-AA37B7BD4A59}"
EndProject
Project("{FAE04EC0-301F-11D3-BF4B-00C04F79EFBC}") = "CodeRule", "libs\CodeRule\CodeRule.csproj", "{D483F037-8861-4F51-8FC7-DCA597807BDB}"
EndProject
Project("{2150E333-8FDC-42A3-9474-1A3956D46DE8}") = "tests", "tests", "{17B9A340-66A6-4AF6-BE06-DD67CADF7AC8}"
EndProject
Project("{FAE04EC0-301F-11D3-BF4B-00C04F79EFBC}") = "CodeRule.Tests", "tests\CodeRule.Tests\CodeRule.Tests.csproj", "{BD46BE5D-C162-4C14-9205-304366780C03}"
EndProject
Project("{FAE04EC0-301F-11D3-BF4B-00C04F79EFBC}") = "Mapper.Core", "libs\Mapper.Core\Mapper.Core.csproj", "{AFE2644D-274E-4654-B897-F33B1B06E40F}"
EndProject
Project("{FAE04EC0-301F-11D3-BF4B-00C04F79EFBC}") = "Identity.Core.Tests", "tests\Identity.Core.Tests\Identity.Core.Tests.csproj", "{4A6220F6-54D1-482B-9773-8FB44B6E0EDA}"
EndProject
Project("{FAE04EC0-301F-11D3-BF4B-00C04F79EFBC}") = "Identity.Infrastructure.Tests", "tests\Identity.Infrastructure.Tests\Identity.Infrastructure.Tests.csproj", "{0AE7763C-7AFF-4C14-BE23-4C751114AA6D}"
EndProject
Project("{2150E333-8FDC-42A3-9474-1A3956D46DE8}") = "identity", "identity", "{0BFDE38E-F7BF-434B-8E85-E17FFD526D23}"
EndProject
Project("{FAE04EC0-301F-11D3-BF4B-00C04F79EFBC}") = "Identity.Core", "src\identity\Identity.Core\Identity.Core.csproj", "{FC4CD09F-CDD0-4E6E-AE0F-DBB07CFC3F31}"
EndProject
Project("{FAE04EC0-301F-11D3-BF4B-00C04F79EFBC}") = "Identity.Infrastructure", "src\identity\Identity.Infrastructure\Identity.Infrastructure.csproj", "{75448657-3849-4DEA-9935-4F9726E93AEA}"
EndProject
Project("{FAE04EC0-301F-11D3-BF4B-00C04F79EFBC}") = "Identity.API", "src\identity\Identity.API\Identity.API.csproj", "{B1693A38-E966-4A36-9402-8C927CF1B537}"
EndProject
Project("{2150E333-8FDC-42A3-9474-1A3956D46DE8}") = "captcha", "captcha", "{F71A5BE7-C70A-4879-9475-9AB4AF8C214A}"
EndProject
Project("{FAE04EC0-301F-11D3-BF4B-00C04F79EFBC}") = "CAPTCHA.Core", "src\captcha\CAPTCHA.Core\CAPTCHA.Core.csproj", "{28DF1D58-5F30-4694-8117-1CB4C221C4F0}"
EndProject
Project("{FAE04EC0-301F-11D3-BF4B-00C04F79EFBC}") = "CAPTCHA.Infrastructure", "src\captcha\CAPTCHA.Infrastructure\CAPTCHA.Infrastructure.csproj", "{1F67F737-C8DD-4B21-97FE-E54445FE3686}"
EndProject
Project("{FAE04EC0-301F-11D3-BF4B-00C04F79EFBC}") = "CAPTCHA.API", "src\captcha\CAPTCHA.API\CAPTCHA.API.csproj", "{426DDAFB-1B97-4846-AF01-8EC10204751B}"
EndProject
Project("{2150E333-8FDC-42A3-9474-1A3956D46DE8}") = "cases", "cases", "{6F49AE65-DBCF-49F5-8F8F-A3AF74457F6A}"
EndProject
Project("{FAE04EC0-301F-11D3-BF4B-00C04F79EFBC}") = "Cases.Core", "src\cases\Cases.Core\Cases.Core.csproj", "{CBD2833B-7B95-48BB-9703-491FADCD9AC3}"
EndProject
Project("{FAE04EC0-301F-11D3-BF4B-00C04F79EFBC}") = "Cases.Infrastructure", "src\cases\Cases.Infrastructure\Cases.Infrastructure.csproj", "{2FE9F9A1-A56A-4029-B921-294979901DDC}"
EndProject
Project("{FAE04EC0-301F-11D3-BF4B-00C04F79EFBC}") = "Cases.API", "src\cases\Cases.API\Cases.API.csproj", "{C199A743-F905-433A-B7AC-AE480A1269D0}"
EndProject
Project("{2150E333-8FDC-42A3-9474-1A3956D46DE8}") = "entity", "entity", "{450AC8EA-7AE3-4A65-BA94-5FBEA706E029}"
EndProject
Project("{FAE04EC0-301F-11D3-BF4B-00C04F79EFBC}") = "Entity.Core", "src\entity\Entity.Core\Entity.Core.csproj", "{25525D2C-3BC7-44AD-A32D-0E062C95EDCF}"
EndProject
Project("{FAE04EC0-301F-11D3-BF4B-00C04F79EFBC}") = "Entity.Infrastructure", "src\entity\Entity.Infrastructure\Entity.Infrastructure.csproj", "{5E9A99FE-49EF-49A8-9DBB-0840DCFB62EC}"
EndProject
Project("{FAE04EC0-301F-11D3-BF4B-00C04F79EFBC}") = "Entity.API", "src\entity\Entity.API\Entity.API.csproj", "{A2D6C8D1-3EAE-41F3-9F18-D27F7A0620E7}"
EndProject
Project("{2150E333-8FDC-42A3-9474-1A3956D46DE8}") = "evidence", "evidence", "{9D91F6A0-C2FD-4DDD-B11B-E94F42FFC275}"
EndProject
Project("{FAE04EC0-301F-11D3-BF4B-00C04F79EFBC}") = "Evidence.Core", "src\evidence\Evidence.Core\Evidence.Core.csproj", "{CAF45751-7626-4F0E-9814-E6B9094E7906}"
EndProject
Project("{FAE04EC0-301F-11D3-BF4B-00C04F79EFBC}") = "Evidence.Infrastructure", "src\evidence\Evidence.Infrastructure\Evidence.Infrastructure.csproj", "{26440D21-F66E-4FF0-880C-ADB780DA7CB0}"
EndProject
Project("{FAE04EC0-301F-11D3-BF4B-00C04F79EFBC}") = "Evidence.API", "src\evidence\Evidence.API\Evidence.API.csproj", "{C6DD1CC0-2DE5-4421-9129-14DBFA46F8B9}"
EndProject
Global
	GlobalSection(SolutionConfigurationPlatforms) = preSolution
		Debug|Any CPU = Debug|Any CPU
		Release|Any CPU = Release|Any CPU
	EndGlobalSection
	GlobalSection(ProjectConfigurationPlatforms) = postSolution
		{39AA5175-3DEB-4D27-9C5A-4FB44BCCDDD9}.Debug|Any CPU.ActiveCfg = Debug|Any CPU
		{39AA5175-3DEB-4D27-9C5A-4FB44BCCDDD9}.Debug|Any CPU.Build.0 = Debug|Any CPU
		{39AA5175-3DEB-4D27-9C5A-4FB44BCCDDD9}.Release|Any CPU.ActiveCfg = Release|Any CPU
		{39AA5175-3DEB-4D27-9C5A-4FB44BCCDDD9}.Release|Any CPU.Build.0 = Release|Any CPU
		{D9080ECD-93A5-442A-9A96-830A4DBB7534}.Debug|Any CPU.ActiveCfg = Debug|Any CPU
		{D9080ECD-93A5-442A-9A96-830A4DBB7534}.Debug|Any CPU.Build.0 = Debug|Any CPU
		{D9080ECD-93A5-442A-9A96-830A4DBB7534}.Release|Any CPU.ActiveCfg = Release|Any CPU
		{D9080ECD-93A5-442A-9A96-830A4DBB7534}.Release|Any CPU.Build.0 = Release|Any CPU
		{8B8EDEB3-D015-4F3C-85BB-DA596EEA0483}.Debug|Any CPU.ActiveCfg = Debug|Any CPU
		{8B8EDEB3-D015-4F3C-85BB-DA596EEA0483}.Debug|Any CPU.Build.0 = Debug|Any CPU
		{8B8EDEB3-D015-4F3C-85BB-DA596EEA0483}.Release|Any CPU.ActiveCfg = Release|Any CPU
		{8B8EDEB3-D015-4F3C-85BB-DA596EEA0483}.Release|Any CPU.Build.0 = Release|Any CPU
		{0888280F-4899-4DF8-B132-F558C22D3F50}.Debug|Any CPU.ActiveCfg = Debug|Any CPU
		{0888280F-4899-4DF8-B132-F558C22D3F50}.Debug|Any CPU.Build.0 = Debug|Any CPU
		{0888280F-4899-4DF8-B132-F558C22D3F50}.Release|Any CPU.ActiveCfg = Release|Any CPU
		{0888280F-4899-4DF8-B132-F558C22D3F50}.Release|Any CPU.Build.0 = Release|Any CPU
		{5EF5EC60-1EB1-45AA-BC76-4D607C75D987}.Debug|Any CPU.ActiveCfg = Debug|Any CPU
		{5EF5EC60-1EB1-45AA-BC76-4D607C75D987}.Debug|Any CPU.Build.0 = Debug|Any CPU
		{5EF5EC60-1EB1-45AA-BC76-4D607C75D987}.Release|Any CPU.ActiveCfg = Release|Any CPU
		{5EF5EC60-1EB1-45AA-BC76-4D607C75D987}.Release|Any CPU.Build.0 = Release|Any CPU
		{F695B39F-BB33-40A1-8F39-9FD8D540CA31}.Debug|Any CPU.ActiveCfg = Debug|Any CPU
		{F695B39F-BB33-40A1-8F39-9FD8D540CA31}.Debug|Any CPU.Build.0 = Debug|Any CPU
		{F695B39F-BB33-40A1-8F39-9FD8D540CA31}.Release|Any CPU.ActiveCfg = Release|Any CPU
		{F695B39F-BB33-40A1-8F39-9FD8D540CA31}.Release|Any CPU.Build.0 = Release|Any CPU
		{B3E04ED7-45C8-43D6-BE22-3CC80D1D9F58}.Debug|Any CPU.ActiveCfg = Debug|Any CPU
		{B3E04ED7-45C8-43D6-BE22-3CC80D1D9F58}.Debug|Any CPU.Build.0 = Debug|Any CPU
		{B3E04ED7-45C8-43D6-BE22-3CC80D1D9F58}.Release|Any CPU.ActiveCfg = Release|Any CPU
		{B3E04ED7-45C8-43D6-BE22-3CC80D1D9F58}.Release|Any CPU.Build.0 = Release|Any CPU
		{560C71F8-56A0-4E15-A132-747977AA3543}.Debug|Any CPU.ActiveCfg = Debug|Any CPU
		{560C71F8-56A0-4E15-A132-747977AA3543}.Debug|Any CPU.Build.0 = Debug|Any CPU
		{560C71F8-56A0-4E15-A132-747977AA3543}.Release|Any CPU.ActiveCfg = Release|Any CPU
		{560C71F8-56A0-4E15-A132-747977AA3543}.Release|Any CPU.Build.0 = Release|Any CPU
		{442A72B3-E2C1-4C28-8DF1-5AE8CF1333F9}.Debug|Any CPU.ActiveCfg = Debug|Any CPU
		{442A72B3-E2C1-4C28-8DF1-5AE8CF1333F9}.Debug|Any CPU.Build.0 = Debug|Any CPU
		{442A72B3-E2C1-4C28-8DF1-5AE8CF1333F9}.Release|Any CPU.ActiveCfg = Release|Any CPU
		{442A72B3-E2C1-4C28-8DF1-5AE8CF1333F9}.Release|Any CPU.Build.0 = Release|Any CPU
		{D483F037-8861-4F51-8FC7-DCA597807BDB}.Debug|Any CPU.ActiveCfg = Debug|Any CPU
		{D483F037-8861-4F51-8FC7-DCA597807BDB}.Debug|Any CPU.Build.0 = Debug|Any CPU
		{D483F037-8861-4F51-8FC7-DCA597807BDB}.Release|Any CPU.ActiveCfg = Release|Any CPU
		{D483F037-8861-4F51-8FC7-DCA597807BDB}.Release|Any CPU.Build.0 = Release|Any CPU
		{BD46BE5D-C162-4C14-9205-304366780C03}.Debug|Any CPU.ActiveCfg = Debug|Any CPU
		{BD46BE5D-C162-4C14-9205-304366780C03}.Debug|Any CPU.Build.0 = Debug|Any CPU
		{BD46BE5D-C162-4C14-9205-304366780C03}.Release|Any CPU.ActiveCfg = Release|Any CPU
		{BD46BE5D-C162-4C14-9205-304366780C03}.Release|Any CPU.Build.0 = Release|Any CPU
		{AFE2644D-274E-4654-B897-F33B1B06E40F}.Debug|Any CPU.ActiveCfg = Debug|Any CPU
		{AFE2644D-274E-4654-B897-F33B1B06E40F}.Debug|Any CPU.Build.0 = Debug|Any CPU
		{AFE2644D-274E-4654-B897-F33B1B06E40F}.Release|Any CPU.ActiveCfg = Release|Any CPU
		{AFE2644D-274E-4654-B897-F33B1B06E40F}.Release|Any CPU.Build.0 = Release|Any CPU
		{4A6220F6-54D1-482B-9773-8FB44B6E0EDA}.Debug|Any CPU.ActiveCfg = Debug|Any CPU
		{4A6220F6-54D1-482B-9773-8FB44B6E0EDA}.Debug|Any CPU.Build.0 = Debug|Any CPU
		{4A6220F6-54D1-482B-9773-8FB44B6E0EDA}.Release|Any CPU.ActiveCfg = Release|Any CPU
		{4A6220F6-54D1-482B-9773-8FB44B6E0EDA}.Release|Any CPU.Build.0 = Release|Any CPU
		{0AE7763C-7AFF-4C14-BE23-4C751114AA6D}.Debug|Any CPU.ActiveCfg = Debug|Any CPU
		{0AE7763C-7AFF-4C14-BE23-4C751114AA6D}.Debug|Any CPU.Build.0 = Debug|Any CPU
		{0AE7763C-7AFF-4C14-BE23-4C751114AA6D}.Release|Any CPU.ActiveCfg = Release|Any CPU
		{0AE7763C-7AFF-4C14-BE23-4C751114AA6D}.Release|Any CPU.Build.0 = Release|Any CPU
		{FC4CD09F-CDD0-4E6E-AE0F-DBB07CFC3F31}.Debug|Any CPU.ActiveCfg = Debug|Any CPU
		{FC4CD09F-CDD0-4E6E-AE0F-DBB07CFC3F31}.Debug|Any CPU.Build.0 = Debug|Any CPU
		{FC4CD09F-CDD0-4E6E-AE0F-DBB07CFC3F31}.Release|Any CPU.ActiveCfg = Release|Any CPU
		{FC4CD09F-CDD0-4E6E-AE0F-DBB07CFC3F31}.Release|Any CPU.Build.0 = Release|Any CPU
		{75448657-3849-4DEA-9935-4F9726E93AEA}.Debug|Any CPU.ActiveCfg = Debug|Any CPU
		{75448657-3849-4DEA-9935-4F9726E93AEA}.Debug|Any CPU.Build.0 = Debug|Any CPU
		{75448657-3849-4DEA-9935-4F9726E93AEA}.Release|Any CPU.ActiveCfg = Release|Any CPU
		{75448657-3849-4DEA-9935-4F9726E93AEA}.Release|Any CPU.Build.0 = Release|Any CPU
		{B1693A38-E966-4A36-9402-8C927CF1B537}.Debug|Any CPU.ActiveCfg = Debug|Any CPU
		{B1693A38-E966-4A36-9402-8C927CF1B537}.Debug|Any CPU.Build.0 = Debug|Any CPU
		{B1693A38-E966-4A36-9402-8C927CF1B537}.Release|Any CPU.ActiveCfg = Release|Any CPU
		{B1693A38-E966-4A36-9402-8C927CF1B537}.Release|Any CPU.Build.0 = Release|Any CPU
		{28DF1D58-5F30-4694-8117-1CB4C221C4F0}.Debug|Any CPU.ActiveCfg = Debug|Any CPU
		{28DF1D58-5F30-4694-8117-1CB4C221C4F0}.Debug|Any CPU.Build.0 = Debug|Any CPU
		{28DF1D58-5F30-4694-8117-1CB4C221C4F0}.Release|Any CPU.ActiveCfg = Release|Any CPU
		{28DF1D58-5F30-4694-8117-1CB4C221C4F0}.Release|Any CPU.Build.0 = Release|Any CPU
		{1F67F737-C8DD-4B21-97FE-E54445FE3686}.Debug|Any CPU.ActiveCfg = Debug|Any CPU
		{1F67F737-C8DD-4B21-97FE-E54445FE3686}.Debug|Any CPU.Build.0 = Debug|Any CPU
		{1F67F737-C8DD-4B21-97FE-E54445FE3686}.Release|Any CPU.ActiveCfg = Release|Any CPU
		{1F67F737-C8DD-4B21-97FE-E54445FE3686}.Release|Any CPU.Build.0 = Release|Any CPU
		{426DDAFB-1B97-4846-AF01-8EC10204751B}.Debug|Any CPU.ActiveCfg = Debug|Any CPU
		{426DDAFB-1B97-4846-AF01-8EC10204751B}.Debug|Any CPU.Build.0 = Debug|Any CPU
		{426DDAFB-1B97-4846-AF01-8EC10204751B}.Release|Any CPU.ActiveCfg = Release|Any CPU
		{426DDAFB-1B97-4846-AF01-8EC10204751B}.Release|Any CPU.Build.0 = Release|Any CPU
		{CBD2833B-7B95-48BB-9703-491FADCD9AC3}.Debug|Any CPU.ActiveCfg = Debug|Any CPU
		{CBD2833B-7B95-48BB-9703-491FADCD9AC3}.Debug|Any CPU.Build.0 = Debug|Any CPU
		{CBD2833B-7B95-48BB-9703-491FADCD9AC3}.Release|Any CPU.ActiveCfg = Release|Any CPU
		{CBD2833B-7B95-48BB-9703-491FADCD9AC3}.Release|Any CPU.Build.0 = Release|Any CPU
		{2FE9F9A1-A56A-4029-B921-294979901DDC}.Debug|Any CPU.ActiveCfg = Debug|Any CPU
		{2FE9F9A1-A56A-4029-B921-294979901DDC}.Debug|Any CPU.Build.0 = Debug|Any CPU
		{2FE9F9A1-A56A-4029-B921-294979901DDC}.Release|Any CPU.ActiveCfg = Release|Any CPU
		{2FE9F9A1-A56A-4029-B921-294979901DDC}.Release|Any CPU.Build.0 = Release|Any CPU
		{C199A743-F905-433A-B7AC-AE480A1269D0}.Debug|Any CPU.ActiveCfg = Debug|Any CPU
		{C199A743-F905-433A-B7AC-AE480A1269D0}.Debug|Any CPU.Build.0 = Debug|Any CPU
		{C199A743-F905-433A-B7AC-AE480A1269D0}.Release|Any CPU.ActiveCfg = Release|Any CPU
		{C199A743-F905-433A-B7AC-AE480A1269D0}.Release|Any CPU.Build.0 = Release|Any CPU
		{25525D2C-3BC7-44AD-A32D-0E062C95EDCF}.Debug|Any CPU.ActiveCfg = Debug|Any CPU
		{25525D2C-3BC7-44AD-A32D-0E062C95EDCF}.Debug|Any CPU.Build.0 = Debug|Any CPU
		{25525D2C-3BC7-44AD-A32D-0E062C95EDCF}.Release|Any CPU.ActiveCfg = Release|Any CPU
		{25525D2C-3BC7-44AD-A32D-0E062C95EDCF}.Release|Any CPU.Build.0 = Release|Any CPU
		{5E9A99FE-49EF-49A8-9DBB-0840DCFB62EC}.Debug|Any CPU.ActiveCfg = Debug|Any CPU
		{5E9A99FE-49EF-49A8-9DBB-0840DCFB62EC}.Debug|Any CPU.Build.0 = Debug|Any CPU
		{5E9A99FE-49EF-49A8-9DBB-0840DCFB62EC}.Release|Any CPU.ActiveCfg = Release|Any CPU
		{5E9A99FE-49EF-49A8-9DBB-0840DCFB62EC}.Release|Any CPU.Build.0 = Release|Any CPU
		{A2D6C8D1-3EAE-41F3-9F18-D27F7A0620E7}.Debug|Any CPU.ActiveCfg = Debug|Any CPU
		{A2D6C8D1-3EAE-41F3-9F18-D27F7A0620E7}.Debug|Any CPU.Build.0 = Debug|Any CPU
		{A2D6C8D1-3EAE-41F3-9F18-D27F7A0620E7}.Release|Any CPU.ActiveCfg = Release|Any CPU
		{A2D6C8D1-3EAE-41F3-9F18-D27F7A0620E7}.Release|Any CPU.Build.0 = Release|Any CPU
		{CAF45751-7626-4F0E-9814-E6B9094E7906}.Debug|Any CPU.ActiveCfg = Debug|Any CPU
		{CAF45751-7626-4F0E-9814-E6B9094E7906}.Debug|Any CPU.Build.0 = Debug|Any CPU
		{CAF45751-7626-4F0E-9814-E6B9094E7906}.Release|Any CPU.ActiveCfg = Release|Any CPU
		{CAF45751-7626-4F0E-9814-E6B9094E7906}.Release|Any CPU.Build.0 = Release|Any CPU
		{26440D21-F66E-4FF0-880C-ADB780DA7CB0}.Debug|Any CPU.ActiveCfg = Debug|Any CPU
		{26440D21-F66E-4FF0-880C-ADB780DA7CB0}.Debug|Any CPU.Build.0 = Debug|Any CPU
		{26440D21-F66E-4FF0-880C-ADB780DA7CB0}.Release|Any CPU.ActiveCfg = Release|Any CPU
		{26440D21-F66E-4FF0-880C-ADB780DA7CB0}.Release|Any CPU.Build.0 = Release|Any CPU
		{C6DD1CC0-2DE5-4421-9129-14DBFA46F8B9}.Debug|Any CPU.ActiveCfg = Debug|Any CPU
		{C6DD1CC0-2DE5-4421-9129-14DBFA46F8B9}.Debug|Any CPU.Build.0 = Debug|Any CPU
		{C6DD1CC0-2DE5-4421-9129-14DBFA46F8B9}.Release|Any CPU.ActiveCfg = Release|Any CPU
		{C6DD1CC0-2DE5-4421-9129-14DBFA46F8B9}.Release|Any CPU.Build.0 = Release|Any CPU
	EndGlobalSection
	GlobalSection(SolutionProperties) = preSolution
		HideSolutionNode = FALSE
	EndGlobalSection
	GlobalSection(NestedProjects) = preSolution
		{39AA5175-3DEB-4D27-9C5A-4FB44BCCDDD9} = {00F68AA3-381E-4E3B-99AD-F4570D96866B}
		{D9080ECD-93A5-442A-9A96-830A4DBB7534} = {00F68AA3-381E-4E3B-99AD-F4570D96866B}
		{8B8EDEB3-D015-4F3C-85BB-DA596EEA0483} = {00F68AA3-381E-4E3B-99AD-F4570D96866B}
		{0888280F-4899-4DF8-B132-F558C22D3F50} = {00F68AA3-381E-4E3B-99AD-F4570D96866B}
		{5EF5EC60-1EB1-45AA-BC76-4D607C75D987} = {00F68AA3-381E-4E3B-99AD-F4570D96866B}
		{F695B39F-BB33-40A1-8F39-9FD8D540CA31} = {00F68AA3-381E-4E3B-99AD-F4570D96866B}
		{B3E04ED7-45C8-43D6-BE22-3CC80D1D9F58} = {00F68AA3-381E-4E3B-99AD-F4570D96866B}
		{560C71F8-56A0-4E15-A132-747977AA3543} = {00F68AA3-381E-4E3B-99AD-F4570D96866B}
		{442A72B3-E2C1-4C28-8DF1-5AE8CF1333F9} = {00F68AA3-381E-4E3B-99AD-F4570D96866B}
		{D483F037-8861-4F51-8FC7-DCA597807BDB} = {A95667ED-3B5E-4DF0-98CD-AA37B7BD4A59}
		{BD46BE5D-C162-4C14-9205-304366780C03} = {17B9A340-66A6-4AF6-BE06-DD67CADF7AC8}
		{AFE2644D-274E-4654-B897-F33B1B06E40F} = {A95667ED-3B5E-4DF0-98CD-AA37B7BD4A59}
		{4A6220F6-54D1-482B-9773-8FB44B6E0EDA} = {17B9A340-66A6-4AF6-BE06-DD67CADF7AC8}
		{0AE7763C-7AFF-4C14-BE23-4C751114AA6D} = {17B9A340-66A6-4AF6-BE06-DD67CADF7AC8}
		{0BFDE38E-F7BF-434B-8E85-E17FFD526D23} = {00F68AA3-381E-4E3B-99AD-F4570D96866B}
		{FC4CD09F-CDD0-4E6E-AE0F-DBB07CFC3F31} = {0BFDE38E-F7BF-434B-8E85-E17FFD526D23}
		{75448657-3849-4DEA-9935-4F9726E93AEA} = {0BFDE38E-F7BF-434B-8E85-E17FFD526D23}
		{B1693A38-E966-4A36-9402-8C927CF1B537} = {0BFDE38E-F7BF-434B-8E85-E17FFD526D23}
		{F71A5BE7-C70A-4879-9475-9AB4AF8C214A} = {00F68AA3-381E-4E3B-99AD-F4570D96866B}
		{28DF1D58-5F30-4694-8117-1CB4C221C4F0} = {F71A5BE7-C70A-4879-9475-9AB4AF8C214A}
		{1F67F737-C8DD-4B21-97FE-E54445FE3686} = {F71A5BE7-C70A-4879-9475-9AB4AF8C214A}
		{426DDAFB-1B97-4846-AF01-8EC10204751B} = {F71A5BE7-C70A-4879-9475-9AB4AF8C214A}
		{6F49AE65-DBCF-49F5-8F8F-A3AF74457F6A} = {00F68AA3-381E-4E3B-99AD-F4570D96866B}
		{CBD2833B-7B95-48BB-9703-491FADCD9AC3} = {6F49AE65-DBCF-49F5-8F8F-A3AF74457F6A}
		{2FE9F9A1-A56A-4029-B921-294979901DDC} = {6F49AE65-DBCF-49F5-8F8F-A3AF74457F6A}
		{C199A743-F905-433A-B7AC-AE480A1269D0} = {6F49AE65-DBCF-49F5-8F8F-A3AF74457F6A}
		{450AC8EA-7AE3-4A65-BA94-5FBEA706E029} = {00F68AA3-381E-4E3B-99AD-F4570D96866B}
		{25525D2C-3BC7-44AD-A32D-0E062C95EDCF} = {450AC8EA-7AE3-4A65-BA94-5FBEA706E029}
		{5E9A99FE-49EF-49A8-9DBB-0840DCFB62EC} = {450AC8EA-7AE3-4A65-BA94-5FBEA706E029}
		{A2D6C8D1-3EAE-41F3-9F18-D27F7A0620E7} = {450AC8EA-7AE3-4A65-BA94-5FBEA706E029}
		{9D91F6A0-C2FD-4DDD-B11B-E94F42FFC275} = {00F68AA3-381E-4E3B-99AD-F4570D96866B}
		{CAF45751-7626-4F0E-9814-E6B9094E7906} = {9D91F6A0-C2FD-4DDD-B11B-E94F42FFC275}
		{26440D21-F66E-4FF0-880C-ADB780DA7CB0} = {9D91F6A0-C2FD-4DDD-B11B-E94F42FFC275}
		{C6DD1CC0-2DE5-4421-9129-14DBFA46F8B9} = {9D91F6A0-C2FD-4DDD-B11B-E94F42FFC275}
	EndGlobalSection
	GlobalSection(ExtensibilityGlobals) = postSolution
		SolutionGuid = {B8BFBC47-7122-46A3-84DB-8CF8EE996385}
	EndGlobalSection
EndGlobal
